
Microsoft Visual Studio Solution File, Format Version 12.00
# Visual Studio Version 16
VisualStudioVersion = 16.0.31515.178
MinimumVisualStudioVersion = 10.0.40219.1
Project("{9A19103F-16F7-4668-BE54-9A1E7A4F7556}") = "MandelbrotSetPlotter", "MandelbrotSetPlotter.csproj", "{97C3DBB4-889B-4D4E-A5CE-5976B568B207}"
EndProject
Global
	GlobalSection(SolutionConfigurationPlatforms) = preSolution
		Debug|Any CPU = Debug|Any CPU
		Release|Any CPU = Release|Any CPU
	EndGlobalSection
	GlobalSection(ProjectConfigurationPlatforms) = postSolution
		{97C3DBB4-889B-4D4E-A5CE-5976B568B207}.Debug|Any CPU.ActiveCfg = Debug|Any CPU
		{97C3DBB4-889B-4D4E-A5CE-5976B568B207}.Debug|Any CPU.Build.0 = Debug|Any CPU
		{97C3DBB4-889B-4D4E-A5CE-5976B568B207}.Release|Any CPU.ActiveCfg = Release|Any CPU
		{97C3DBB4-889B-4D4E-A5CE-5976B568B207}.Release|Any CPU.Build.0 = Release|Any CPU
	EndGlobalSection
	GlobalSection(SolutionProperties) = preSolution
		HideSolutionNode = FALSE
	EndGlobalSection
	GlobalSection(ExtensibilityGlobals) = postSolution
		SolutionGuid = {986AAC91-E950-4654-B2A5-7BFCF3D220C3}
	EndGlobalSection
EndGlobal
